
Microsoft Visual Studio Solution File, Format Version 12.00
# Visual Studio Version 17
VisualStudioVersion = 17.4.33205.214
MinimumVisualStudioVersion = 10.0.40219.1
Project("{FAE04EC0-301F-11D3-BF4B-00C04F79EFBC}") = "RestaurantReservation.Domain", "src/RestaurantReservation.Domain\RestaurantReservation.Domain.csproj", "{21DAEF75-6217-42B4-A492-08DF9D67AA2A}"
EndProject
Project("{FAE04EC0-301F-11D3-BF4B-00C04F79EFBC}") = "RestaurantReservation.Core", "src/RestaurantReservation.Core\RestaurantReservation.Core.csproj", "{5CBBEEE0-DF71-4F96-B8D1-A817A48A679B}"
EndProject
Project("{FAE04EC0-301F-11D3-BF4B-00C04F79EFBC}") = "RestaurantReservation.Api", "src/RestaurantReservation.Api\RestaurantReservation.Api.csproj", "{521E00B1-60BC-4366-9847-F2751E696D3A}"
EndProject
Project("{FAE04EC0-301F-11D3-BF4B-00C04F79EFBC}") = "RestaurantReservation.Infrastructure.EF", "src/RestaurantReservation.Infrastructure.EF\RestaurantReservation.Infrastructure.EF.csproj", "{F2AE807F-BF3C-43E8-AA8C-8F9534F42AB9}"
EndProject
Project("{FAE04EC0-301F-11D3-BF4B-00C04F79EFBC}") = "RestaurantReservation.Infrastructure.Mongo", "src/RestaurantReservation.Infrastructure.Mongo\RestaurantReservation.Infrastructure.Mongo.csproj", "{518AAF08-A2E0-4E4D-A785-D3783837F6C5}"
EndProject
Global
	GlobalSection(SolutionConfigurationPlatforms) = preSolution
		Debug|Any CPU = Debug|Any CPU
		Release|Any CPU = Release|Any CPU
	EndGlobalSection
	GlobalSection(ProjectConfigurationPlatforms) = postSolution
		{21DAEF75-6217-42B4-A492-08DF9D67AA2A}.Debug|Any CPU.ActiveCfg = Debug|Any CPU
		{21DAEF75-6217-42B4-A492-08DF9D67AA2A}.Debug|Any CPU.Build.0 = Debug|Any CPU
		{21DAEF75-6217-42B4-A492-08DF9D67AA2A}.Release|Any CPU.ActiveCfg = Release|Any CPU
		{21DAEF75-6217-42B4-A492-08DF9D67AA2A}.Release|Any CPU.Build.0 = Release|Any CPU
		{5CBBEEE0-DF71-4F96-B8D1-A817A48A679B}.Debug|Any CPU.ActiveCfg = Debug|Any CPU
		{5CBBEEE0-DF71-4F96-B8D1-A817A48A679B}.Debug|Any CPU.Build.0 = Debug|Any CPU
		{5CBBEEE0-DF71-4F96-B8D1-A817A48A679B}.Release|Any CPU.ActiveCfg = Release|Any CPU
		{5CBBEEE0-DF71-4F96-B8D1-A817A48A679B}.Release|Any CPU.Build.0 = Release|Any CPU
		{521E00B1-60BC-4366-9847-F2751E696D3A}.Debug|Any CPU.ActiveCfg = Debug|Any CPU
		{521E00B1-60BC-4366-9847-F2751E696D3A}.Debug|Any CPU.Build.0 = Debug|Any CPU
		{521E00B1-60BC-4366-9847-F2751E696D3A}.Release|Any CPU.ActiveCfg = Release|Any CPU
		{521E00B1-60BC-4366-9847-F2751E696D3A}.Release|Any CPU.Build.0 = Release|Any CPU
		{F2AE807F-BF3C-43E8-AA8C-8F9534F42AB9}.Debug|Any CPU.ActiveCfg = Debug|Any CPU
		{F2AE807F-BF3C-43E8-AA8C-8F9534F42AB9}.Debug|Any CPU.Build.0 = Debug|Any CPU
		{F2AE807F-BF3C-43E8-AA8C-8F9534F42AB9}.Release|Any CPU.ActiveCfg = Release|Any CPU
		{F2AE807F-BF3C-43E8-AA8C-8F9534F42AB9}.Release|Any CPU.Build.0 = Release|Any CPU
		{518AAF08-A2E0-4E4D-A785-D3783837F6C5}.Debug|Any CPU.ActiveCfg = Debug|Any CPU
		{518AAF08-A2E0-4E4D-A785-D3783837F6C5}.Debug|Any CPU.Build.0 = Debug|Any CPU
		{518AAF08-A2E0-4E4D-A785-D3783837F6C5}.Release|Any CPU.ActiveCfg = Release|Any CPU
		{518AAF08-A2E0-4E4D-A785-D3783837F6C5}.Release|Any CPU.Build.0 = Release|Any CPU
	EndGlobalSection
	GlobalSection(SolutionProperties) = preSolution
		HideSolutionNode = FALSE
	EndGlobalSection
	GlobalSection(ExtensibilityGlobals) = postSolution
		SolutionGuid = {DAE7D984-D812-459A-9C6B-BFEEF6B79757}
	EndGlobalSection
EndGlobal
